
Microsoft Visual Studio Solution File, Format Version 12.00
# Visual Studio Version 17
VisualStudioVersion = 17.0.31903.59
MinimumVisualStudioVersion = 10.0.40219.1
Project("{2150E333-8FDC-42A3-9474-1A3956D46DE8}") = "src", "src", "{60EBD36C-74E1-4A52-8779-9F110443485F}"
EndProject
Project("{FAE04EC0-301F-11D3-BF4B-00C04F79EFBC}") = "Veriflow.Core", "src\Veriflow.Core\Veriflow.Core.csproj", "{FB96DD98-F7F2-478B-BB91-16920DA46B6D}"
EndProject
Project("{FAE04EC0-301F-11D3-BF4B-00C04F79EFBC}") = "Veriflow.Infrastructure", "src\Veriflow.Infrastructure\Veriflow.Infrastructure.csproj", "{E67AD38A-DD65-4875-A04F-FF8F1433CD81}"
EndProject
Project("{FAE04EC0-301F-11D3-BF4B-00C04F79EFBC}") = "Veriflow.UI", "src\Veriflow.UI\Veriflow.UI.csproj", "{C2DCB714-5AAF-4255-B0AD-0F3E70DC6286}"
EndProject
Global
	GlobalSection(SolutionConfigurationPlatforms) = preSolution
		Debug|Any CPU = Debug|Any CPU
		Release|Any CPU = Release|Any CPU
	EndGlobalSection
	GlobalSection(SolutionProperties) = preSolution
		HideSolutionNode = FALSE
	EndGlobalSection
	GlobalSection(ProjectConfigurationPlatforms) = postSolution
		{FB96DD98-F7F2-478B-BB91-16920DA46B6D}.Debug|Any CPU.ActiveCfg = Debug|Any CPU
		{FB96DD98-F7F2-478B-BB91-16920DA46B6D}.Debug|Any CPU.Build.0 = Debug|Any CPU
		{FB96DD98-F7F2-478B-BB91-16920DA46B6D}.Release|Any CPU.ActiveCfg = Release|Any CPU
		{FB96DD98-F7F2-478B-BB91-16920DA46B6D}.Release|Any CPU.Build.0 = Release|Any CPU
		{E67AD38A-DD65-4875-A04F-FF8F1433CD81}.Debug|Any CPU.ActiveCfg = Debug|Any CPU
		{E67AD38A-DD65-4875-A04F-FF8F1433CD81}.Debug|Any CPU.Build.0 = Debug|Any CPU
		{E67AD38A-DD65-4875-A04F-FF8F1433CD81}.Release|Any CPU.ActiveCfg = Release|Any CPU
		{E67AD38A-DD65-4875-A04F-FF8F1433CD81}.Release|Any CPU.Build.0 = Release|Any CPU
		{C2DCB714-5AAF-4255-B0AD-0F3E70DC6286}.Debug|Any CPU.ActiveCfg = Debug|Any CPU
		{C2DCB714-5AAF-4255-B0AD-0F3E70DC6286}.Debug|Any CPU.Build.0 = Debug|Any CPU
		{C2DCB714-5AAF-4255-B0AD-0F3E70DC6286}.Release|Any CPU.ActiveCfg = Release|Any CPU
		{C2DCB714-5AAF-4255-B0AD-0F3E70DC6286}.Release|Any CPU.Build.0 = Release|Any CPU
	EndGlobalSection
	GlobalSection(NestedProjects) = preSolution
		{FB96DD98-F7F2-478B-BB91-16920DA46B6D} = {60EBD36C-74E1-4A52-8779-9F110443485F}
		{E67AD38A-DD65-4875-A04F-FF8F1433CD81} = {60EBD36C-74E1-4A52-8779-9F110443485F}
		{C2DCB714-5AAF-4255-B0AD-0F3E70DC6286} = {60EBD36C-74E1-4A52-8779-9F110443485F}
	EndGlobalSection
EndGlobal
